// !$*UTF8*$!
{
	archiveVersion = 1;
	classes = {
	};
	objectVersion = 56;
	objects = {

/* Begin PBXBuildFile section */
		1E29B5C5298FA927004E65A8 /* OneCustomView.swift in Sources */ = {isa = PBXBuildFile; fileRef = 1E29B5C4298FA927004E65A8 /* OneCustomView.swift */; };
		1E29B5C7298FA93C004E65A8 /* TwoCustomView.swift in Sources */ = {isa = PBXBuildFile; fileRef = 1E29B5C6298FA93C004E65A8 /* TwoCustomView.swift */; };
		1E29B5CE298FF0BA004E65A8 /* Cod.swift in Sources */ = {isa = PBXBuildFile; fileRef = 1E29B5CD298FF0BA004E65A8 /* Cod.swift */; };
		1E29B5D0298FF4F5004E65A8 /* ProfileViewController.swift in Sources */ = {isa = PBXBuildFile; fileRef = 1E29B5CF298FF4F5004E65A8 /* ProfileViewController.swift */; };
		1E29B5D2298FF54F004E65A8 /* FeedViewController.swift in Sources */ = {isa = PBXBuildFile; fileRef = 1E29B5D1298FF54F004E65A8 /* FeedViewController.swift */; };
		1E29B5D4298FF61C004E65A8 /* UIColorExtension.swift in Sources */ = {isa = PBXBuildFile; fileRef = 1E29B5D3298FF61C004E65A8 /* UIColorExtension.swift */; };
		1E29B5D7298FF65F004E65A8 /* PostTitle.swift in Sources */ = {isa = PBXBuildFile; fileRef = 1E29B5D6298FF65F004E65A8 /* PostTitle.swift */; };
		1E29B5D9298FFE66004E65A8 /* PostViewController.swift in Sources */ = {isa = PBXBuildFile; fileRef = 1E29B5D8298FFE66004E65A8 /* PostViewController.swift */; };
		1E29B5DB298FFE8D004E65A8 /* InfoViewController.swift in Sources */ = {isa = PBXBuildFile; fileRef = 1E29B5DA298FFE8D004E65A8 /* InfoViewController.swift */; };
		1E29B5DD298FFECE004E65A8 /* CradientButton.swift in Sources */ = {isa = PBXBuildFile; fileRef = 1E29B5DC298FFECE004E65A8 /* CradientButton.swift */; };
		1E29B5DF29900514004E65A8 /* MainViewController.swift in Sources */ = {isa = PBXBuildFile; fileRef = 1E29B5DE29900514004E65A8 /* MainViewController.swift */; };
		1EE1E9FE2981620400DBEEFC /* AppDelegate.swift in Sources */ = {isa = PBXBuildFile; fileRef = 1EE1E9FD2981620400DBEEFC /* AppDelegate.swift */; };
		1EE1EA002981620400DBEEFC /* SceneDelegate.swift in Sources */ = {isa = PBXBuildFile; fileRef = 1EE1E9FF2981620400DBEEFC /* SceneDelegate.swift */; };
		1EE1EA022981620400DBEEFC /* ViewController.swift in Sources */ = {isa = PBXBuildFile; fileRef = 1EE1EA012981620400DBEEFC /* ViewController.swift */; };
		1EE1EA052981620400DBEEFC /* Main.storyboard in Resources */ = {isa = PBXBuildFile; fileRef = 1EE1EA032981620400DBEEFC /* Main.storyboard */; };
		1EE1EA072981620600DBEEFC /* Assets.xcassets in Resources */ = {isa = PBXBuildFile; fileRef = 1EE1EA062981620600DBEEFC /* Assets.xcassets */; };
		1EE1EA0A2981620600DBEEFC /* LaunchScreen.storyboard in Resources */ = {isa = PBXBuildFile; fileRef = 1EE1EA082981620600DBEEFC /* LaunchScreen.storyboard */; };
		1EE1EA17298166AC00DBEEFC /* UIViewController + Extension.swift in Sources */ = {isa = PBXBuildFile; fileRef = 1EE1EA16298166AC00DBEEFC /* UIViewController + Extension.swift */; };
		1EE1EA1D29827BD500DBEEFC /* SwiftUIView.swift in Sources */ = {isa = PBXBuildFile; fileRef = 1EE1EA1C29827BD500DBEEFC /* SwiftUIView.swift */; };
		1EE1EA20298288B900DBEEFC /* MainTabBarController.swift in Sources */ = {isa = PBXBuildFile; fileRef = 1EE1EA1F298288B900DBEEFC /* MainTabBarController.swift */; };
/* End PBXBuildFile section */

/* Begin PBXFileReference section */
		1E29B5C4298FA927004E65A8 /* OneCustomView.swift */ = {isa = PBXFileReference; lastKnownFileType = sourcecode.swift; path = OneCustomView.swift; sourceTree = "<group>"; };
		1E29B5C6298FA93C004E65A8 /* TwoCustomView.swift */ = {isa = PBXFileReference; lastKnownFileType = sourcecode.swift; path = TwoCustomView.swift; sourceTree = "<group>"; };
		1E29B5CD298FF0BA004E65A8 /* Cod.swift */ = {isa = PBXFileReference; lastKnownFileType = sourcecode.swift; path = Cod.swift; sourceTree = "<group>"; };
		1E29B5CF298FF4F5004E65A8 /* ProfileViewController.swift */ = {isa = PBXFileReference; lastKnownFileType = sourcecode.swift; path = ProfileViewController.swift; sourceTree = "<group>"; };
		1E29B5D1298FF54F004E65A8 /* FeedViewController.swift */ = {isa = PBXFileReference; lastKnownFileType = sourcecode.swift; path = FeedViewController.swift; sourceTree = "<group>"; };
		1E29B5D3298FF61C004E65A8 /* UIColorExtension.swift */ = {isa = PBXFileReference; lastKnownFileType = sourcecode.swift; path = UIColorExtension.swift; sourceTree = "<group>"; };
		1E29B5D6298FF65F004E65A8 /* PostTitle.swift */ = {isa = PBXFileReference; lastKnownFileType = sourcecode.swift; path = PostTitle.swift; sourceTree = "<group>"; };
		1E29B5D8298FFE66004E65A8 /* PostViewController.swift */ = {isa = PBXFileReference; lastKnownFileType = sourcecode.swift; path = PostViewController.swift; sourceTree = "<group>"; };
		1E29B5DA298FFE8D004E65A8 /* InfoViewController.swift */ = {isa = PBXFileReference; lastKnownFileType = sourcecode.swift; path = InfoViewController.swift; sourceTree = "<group>"; };
		1E29B5DC298FFECE004E65A8 /* CradientButton.swift */ = {isa = PBXFileReference; lastKnownFileType = sourcecode.swift; path = CradientButton.swift; sourceTree = "<group>"; };
		1E29B5DE29900514004E65A8 /* MainViewController.swift */ = {isa = PBXFileReference; lastKnownFileType = sourcecode.swift; path = MainViewController.swift; sourceTree = "<group>"; };
		1EE1E9FA2981620400DBEEFC /* Storyboard + Canvas + SwiftUI.app */ = {isa = PBXFileReference; explicitFileType = wrapper.application; includeInIndex = 0; path = "Storyboard + Canvas + SwiftUI.app"; sourceTree = BUILT_PRODUCTS_DIR; };
		1EE1E9FD2981620400DBEEFC /* AppDelegate.swift */ = {isa = PBXFileReference; lastKnownFileType = sourcecode.swift; path = AppDelegate.swift; sourceTree = "<group>"; };
		1EE1E9FF2981620400DBEEFC /* SceneDelegate.swift */ = {isa = PBXFileReference; lastKnownFileType = sourcecode.swift; path = SceneDelegate.swift; sourceTree = "<group>"; };
		1EE1EA012981620400DBEEFC /* ViewController.swift */ = {isa = PBXFileReference; lastKnownFileType = sourcecode.swift; path = ViewController.swift; sourceTree = "<group>"; };
		1EE1EA042981620400DBEEFC /* Base */ = {isa = PBXFileReference; lastKnownFileType = file.storyboard; name = Base; path = Base.lproj/Main.storyboard; sourceTree = "<group>"; };
		1EE1EA062981620600DBEEFC /* Assets.xcassets */ = {isa = PBXFileReference; lastKnownFileType = folder.assetcatalog; path = Assets.xcassets; sourceTree = "<group>"; };
		1EE1EA092981620600DBEEFC /* Base */ = {isa = PBXFileReference; lastKnownFileType = file.storyboard; name = Base; path = Base.lproj/LaunchScreen.storyboard; sourceTree = "<group>"; };
		1EE1EA0B2981620600DBEEFC /* Info.plist */ = {isa = PBXFileReference; lastKnownFileType = text.plist.xml; path = Info.plist; sourceTree = "<group>"; };
		1EE1EA16298166AC00DBEEFC /* UIViewController + Extension.swift */ = {isa = PBXFileReference; lastKnownFileType = sourcecode.swift; path = "UIViewController + Extension.swift"; sourceTree = "<group>"; };
		1EE1EA1C29827BD500DBEEFC /* SwiftUIView.swift */ = {isa = PBXFileReference; lastKnownFileType = sourcecode.swift; path = SwiftUIView.swift; sourceTree = "<group>"; };
		1EE1EA1F298288B900DBEEFC /* MainTabBarController.swift */ = {isa = PBXFileReference; lastKnownFileType = sourcecode.swift; path = MainTabBarController.swift; sourceTree = "<group>"; };
/* End PBXFileReference section */

/* Begin PBXFrameworksBuildPhase section */
		1EE1E9F72981620400DBEEFC /* Frameworks */ = {
			isa = PBXFrameworksBuildPhase;
			buildActionMask = 2147483647;
			files = (
			);
			runOnlyForDeploymentPostprocessing = 0;
		};
/* End PBXFrameworksBuildPhase section */

/* Begin PBXGroup section */
		1E29B5C3298FA8DB004E65A8 /* CustomViews */ = {
			isa = PBXGroup;
			children = (
				1E29B5C4298FA927004E65A8 /* OneCustomView.swift */,
				1E29B5C6298FA93C004E65A8 /* TwoCustomView.swift */,
			);
			path = CustomViews;
			sourceTree = "<group>";
		};
		1E29B5CC298FF095004E65A8 /* CodBelyakov */ = {
			isa = PBXGroup;
			children = (
				1E29B5CD298FF0BA004E65A8 /* Cod.swift */,
			);
			path = CodBelyakov;
			sourceTree = "<group>";
		};
		1E29B5D5298FF642004E65A8 /* Dock */ = {
			isa = PBXGroup;
			children = (
				1E29B5D6298FF65F004E65A8 /* PostTitle.swift */,
			);
			path = Dock;
			sourceTree = "<group>";
		};
		1EE1E9F12981620400DBEEFC = {
			isa = PBXGroup;
			children = (
				1EE1E9FC2981620400DBEEFC /* Storyboard + Canvas + SwiftUI */,
				1EE1E9FB2981620400DBEEFC /* Products */,
			);
			sourceTree = "<group>";
		};
		1EE1E9FB2981620400DBEEFC /* Products */ = {
			isa = PBXGroup;
			children = (
				1EE1E9FA2981620400DBEEFC /* Storyboard + Canvas + SwiftUI.app */,
			);
			name = Products;
			sourceTree = "<group>";
		};
		1EE1E9FC2981620400DBEEFC /* Storyboard + Canvas + SwiftUI */ = {
			isa = PBXGroup;
			children = (
				1E29B5D5298FF642004E65A8 /* Dock */,
				1E29B5CC298FF095004E65A8 /* CodBelyakov */,
				1EE1EA1E29827BDF00DBEEFC /* SwiftUI */,
				1EE1EA152981668C00DBEEFC /* Extension */,
				1E29B5C3298FA8DB004E65A8 /* CustomViews */,
				1EE1EA14298162F500DBEEFC /* Controllers */,
				1EE1EA13298162D600DBEEFC /* Application */,
				1EE1EA122981623900DBEEFC /* Resources */,
			);
			path = "Storyboard + Canvas + SwiftUI";
			sourceTree = "<group>";
		};
		1EE1EA122981623900DBEEFC /* Resources */ = {
			isa = PBXGroup;
			children = (
				1EE1EA062981620600DBEEFC /* Assets.xcassets */,
				1EE1EA082981620600DBEEFC /* LaunchScreen.storyboard */,
				1EE1EA0B2981620600DBEEFC /* Info.plist */,
			);
			path = Resources;
			sourceTree = "<group>";
		};
		1EE1EA13298162D600DBEEFC /* Application */ = {
			isa = PBXGroup;
			children = (
				1EE1E9FD2981620400DBEEFC /* AppDelegate.swift */,
				1EE1E9FF2981620400DBEEFC /* SceneDelegate.swift */,
			);
			path = Application;
			sourceTree = "<group>";
		};
		1EE1EA14298162F500DBEEFC /* Controllers */ = {
			isa = PBXGroup;
			children = (
				1EE1EA012981620400DBEEFC /* ViewController.swift */,
				1EE1EA032981620400DBEEFC /* Main.storyboard */,
				1EE1EA1F298288B900DBEEFC /* MainTabBarController.swift */,
				1E29B5CF298FF4F5004E65A8 /* ProfileViewController.swift */,
				1E29B5D1298FF54F004E65A8 /* FeedViewController.swift */,
				1E29B5D8298FFE66004E65A8 /* PostViewController.swift */,
				1E29B5DA298FFE8D004E65A8 /* InfoViewController.swift */,
				1E29B5DE29900514004E65A8 /* MainViewController.swift */,
			);
			path = Controllers;
			sourceTree = "<group>";
		};
		1EE1EA152981668C00DBEEFC /* Extension */ = {
			isa = PBXGroup;
			children = (
				1EE1EA16298166AC00DBEEFC /* UIViewController + Extension.swift */,
				1E29B5D3298FF61C004E65A8 /* UIColorExtension.swift */,
				1E29B5DC298FFECE004E65A8 /* CradientButton.swift */,
			);
			path = Extension;
			sourceTree = "<group>";
		};
		1EE1EA1E29827BDF00DBEEFC /* SwiftUI */ = {
			isa = PBXGroup;
			children = (
				1EE1EA1C29827BD500DBEEFC /* SwiftUIView.swift */,
			);
			path = SwiftUI;
			sourceTree = "<group>";
		};
/* End PBXGroup section */

/* Begin PBXNativeTarget section */
		1EE1E9F92981620400DBEEFC /* Storyboard + Canvas + SwiftUI */ = {
			isa = PBXNativeTarget;
			buildConfigurationList = 1EE1EA0E2981620600DBEEFC /* Build configuration list for PBXNativeTarget "Storyboard + Canvas + SwiftUI" */;
			buildPhases = (
				1EE1E9F62981620400DBEEFC /* Sources */,
				1EE1E9F72981620400DBEEFC /* Frameworks */,
				1EE1E9F82981620400DBEEFC /* Resources */,
			);
			buildRules = (
			);
			dependencies = (
			);
			name = "Storyboard + Canvas + SwiftUI";
			productName = "Storyboard + SwiftUI";
			productReference = 1EE1E9FA2981620400DBEEFC /* Storyboard + Canvas + SwiftUI.app */;
			productType = "com.apple.product-type.application";
		};
/* End PBXNativeTarget section */

/* Begin PBXProject section */
		1EE1E9F22981620400DBEEFC /* Project object */ = {
			isa = PBXProject;
			attributes = {
				BuildIndependentTargetsInParallel = 1;
				LastSwiftUpdateCheck = 1410;
				LastUpgradeCheck = 1410;
				TargetAttributes = {
					1EE1E9F92981620400DBEEFC = {
						CreatedOnToolsVersion = 14.1;
					};
				};
			};
			buildConfigurationList = 1EE1E9F52981620400DBEEFC /* Build configuration list for PBXProject "Storyboard + Canvas + SwiftUI" */;
			compatibilityVersion = "Xcode 14.0";
			developmentRegion = en;
			hasScannedForEncodings = 0;
			knownRegions = (
				en,
				Base,
			);
			mainGroup = 1EE1E9F12981620400DBEEFC;
			productRefGroup = 1EE1E9FB2981620400DBEEFC /* Products */;
			projectDirPath = "";
			projectRoot = "";
			targets = (
				1EE1E9F92981620400DBEEFC /* Storyboard + Canvas + SwiftUI */,
			);
		};
/* End PBXProject section */

/* Begin PBXResourcesBuildPhase section */
		1EE1E9F82981620400DBEEFC /* Resources */ = {
			isa = PBXResourcesBuildPhase;
			buildActionMask = 2147483647;
			files = (
				1EE1EA0A2981620600DBEEFC /* LaunchScreen.storyboard in Resources */,
				1EE1EA072981620600DBEEFC /* Assets.xcassets in Resources */,
				1EE1EA052981620400DBEEFC /* Main.storyboard in Resources */,
			);
			runOnlyForDeploymentPostprocessing = 0;
		};
/* End PBXResourcesBuildPhase section */

/* Begin PBXSourcesBuildPhase section */
		1EE1E9F62981620400DBEEFC /* Sources */ = {
			isa = PBXSourcesBuildPhase;
			buildActionMask = 2147483647;
			files = (
				1EE1EA022981620400DBEEFC /* ViewController.swift in Sources */,
				1EE1E9FE2981620400DBEEFC /* AppDelegate.swift in Sources */,
				1E29B5D9298FFE66004E65A8 /* PostViewController.swift in Sources */,
				1E29B5D0298FF4F5004E65A8 /* ProfileViewController.swift in Sources */,
				1E29B5DB298FFE8D004E65A8 /* InfoViewController.swift in Sources */,
				1E29B5DD298FFECE004E65A8 /* CradientButton.swift in Sources */,
				1EE1EA20298288B900DBEEFC /* MainTabBarController.swift in Sources */,
				1E29B5DF29900514004E65A8 /* MainViewController.swift in Sources */,
				1EE1EA17298166AC00DBEEFC /* UIViewController + Extension.swift in Sources */,
				1EE1EA002981620400DBEEFC /* SceneDelegate.swift in Sources */,
				1E29B5C5298FA927004E65A8 /* OneCustomView.swift in Sources */,
				1E29B5C7298FA93C004E65A8 /* TwoCustomView.swift in Sources */,
				1E29B5D2298FF54F004E65A8 /* FeedViewController.swift in Sources */,
				1E29B5CE298FF0BA004E65A8 /* Cod.swift in Sources */,
				1EE1EA1D29827BD500DBEEFC /* SwiftUIView.swift in Sources */,
				1E29B5D7298FF65F004E65A8 /* PostTitle.swift in Sources */,
				1E29B5D4298FF61C004E65A8 /* UIColorExtension.swift in Sources */,
			);
			runOnlyForDeploymentPostprocessing = 0;
		};
/* End PBXSourcesBuildPhase section */

/* Begin PBXVariantGroup section */
		1EE1EA032981620400DBEEFC /* Main.storyboard */ = {
			isa = PBXVariantGroup;
			children = (
				1EE1EA042981620400DBEEFC /* Base */,
			);
			name = Main.storyboard;
			sourceTree = "<group>";
		};
		1EE1EA082981620600DBEEFC /* LaunchScreen.storyboard */ = {
			isa = PBXVariantGroup;
			children = (
				1EE1EA092981620600DBEEFC /* Base */,
			);
			name = LaunchScreen.storyboard;
			sourceTree = "<group>";
		};
/* End PBXVariantGroup section */

/* Begin XCBuildConfiguration section */
		1EE1EA0C2981620600DBEEFC /* Debug */ = {
			isa = XCBuildConfiguration;
			buildSettings = {
				ALWAYS_SEARCH_USER_PATHS = NO;
				CLANG_ANALYZER_NONNULL = YES;
				CLANG_ANALYZER_NUMBER_OBJECT_CONVERSION = YES_AGGRESSIVE;
				CLANG_CXX_LANGUAGE_STANDARD = "gnu++20";
				CLANG_ENABLE_MODULES = YES;
				CLANG_ENABLE_OBJC_ARC = YES;
				CLANG_ENABLE_OBJC_WEAK = YES;
				CLANG_WARN_BLOCK_CAPTURE_AUTORELEASING = YES;
				CLANG_WARN_BOOL_CONVERSION = YES;
				CLANG_WARN_COMMA = YES;
				CLANG_WARN_CONSTANT_CONVERSION = YES;
				CLANG_WARN_DEPRECATED_OBJC_IMPLEMENTATIONS = YES;
				CLANG_WARN_DIRECT_OBJC_ISA_USAGE = YES_ERROR;
				CLANG_WARN_DOCUMENTATION_COMMENTS = YES;
				CLANG_WARN_EMPTY_BODY = YES;
				CLANG_WARN_ENUM_CONVERSION = YES;
				CLANG_WARN_INFINITE_RECURSION = YES;
				CLANG_WARN_INT_CONVERSION = YES;
				CLANG_WARN_NON_LITERAL_NULL_CONVERSION = YES;
				CLANG_WARN_OBJC_IMPLICIT_RETAIN_SELF = YES;
				CLANG_WARN_OBJC_LITERAL_CONVERSION = YES;
				CLANG_WARN_OBJC_ROOT_CLASS = YES_ERROR;
				CLANG_WARN_QUOTED_INCLUDE_IN_FRAMEWORK_HEADER = YES;
				CLANG_WARN_RANGE_LOOP_ANALYSIS = YES;
				CLANG_WARN_STRICT_PROTOTYPES = YES;
				CLANG_WARN_SUSPICIOUS_MOVE = YES;
				CLANG_WARN_UNGUARDED_AVAILABILITY = YES_AGGRESSIVE;
				CLANG_WARN_UNREACHABLE_CODE = YES;
				CLANG_WARN__DUPLICATE_METHOD_MATCH = YES;
				COPY_PHASE_STRIP = NO;
				DEBUG_INFORMATION_FORMAT = dwarf;
				ENABLE_STRICT_OBJC_MSGSEND = YES;
				ENABLE_TESTABILITY = YES;
				GCC_C_LANGUAGE_STANDARD = gnu11;
				GCC_DYNAMIC_NO_PIC = NO;
				GCC_NO_COMMON_BLOCKS = YES;
				GCC_OPTIMIZATION_LEVEL = 0;
				GCC_PREPROCESSOR_DEFINITIONS = (
					"DEBUG=1",
					"$(inherited)",
				);
				GCC_WARN_64_TO_32_BIT_CONVERSION = YES;
				GCC_WARN_ABOUT_RETURN_TYPE = YES_ERROR;
				GCC_WARN_UNDECLARED_SELECTOR = YES;
				GCC_WARN_UNINITIALIZED_AUTOS = YES_AGGRESSIVE;
				GCC_WARN_UNUSED_FUNCTION = YES;
				GCC_WARN_UNUSED_VARIABLE = YES;
				IPHONEOS_DEPLOYMENT_TARGET = 16.1;
				MTL_ENABLE_DEBUG_INFO = INCLUDE_SOURCE;
				MTL_FAST_MATH = YES;
				ONLY_ACTIVE_ARCH = YES;
				SDKROOT = iphoneos;
				SWIFT_ACTIVE_COMPILATION_CONDITIONS = DEBUG;
				SWIFT_OPTIMIZATION_LEVEL = "-Onone";
			};
			name = Debug;
		};
		1EE1EA0D2981620600DBEEFC /* Release */ = {
			isa = XCBuildConfiguration;
			buildSettings = {
				ALWAYS_SEARCH_USER_PATHS = NO;
				CLANG_ANALYZER_NONNULL = YES;
				CLANG_ANALYZER_NUMBER_OBJECT_CONVERSION = YES_AGGRESSIVE;
				CLANG_CXX_LANGUAGE_STANDARD = "gnu++20";
				CLANG_ENABLE_MODULES = YES;
				CLANG_ENABLE_OBJC_ARC = YES;
				CLANG_ENABLE_OBJC_WEAK = YES;
				CLANG_WARN_BLOCK_CAPTURE_AUTORELEASING = YES;
				CLANG_WARN_BOOL_CONVERSION = YES;
				CLANG_WARN_COMMA = YES;
				CLANG_WARN_CONSTANT_CONVERSION = YES;
				CLANG_WARN_DEPRECATED_OBJC_IMPLEMENTATIONS = YES;
				CLANG_WARN_DIRECT_OBJC_ISA_USAGE = YES_ERROR;
				CLANG_WARN_DOCUMENTATION_COMMENTS = YES;
				CLANG_WARN_EMPTY_BODY = YES;
				CLANG_WARN_ENUM_CONVERSION = YES;
				CLANG_WARN_INFINITE_RECURSION = YES;
				CLANG_WARN_INT_CONVERSION = YES;
				CLANG_WARN_NON_LITERAL_NULL_CONVERSION = YES;
				CLANG_WARN_OBJC_IMPLICIT_RETAIN_SELF = YES;
				CLANG_WARN_OBJC_LITERAL_CONVERSION = YES;
				CLANG_WARN_OBJC_ROOT_CLASS = YES_ERROR;
				CLANG_WARN_QUOTED_INCLUDE_IN_FRAMEWORK_HEADER = YES;
				CLANG_WARN_RANGE_LOOP_ANALYSIS = YES;
				CLANG_WARN_STRICT_PROTOTYPES = YES;
				CLANG_WARN_SUSPICIOUS_MOVE = YES;
				CLANG_WARN_UNGUARDED_AVAILABILITY = YES_AGGRESSIVE;
				CLANG_WARN_UNREACHABLE_CODE = YES;
				CLANG_WARN__DUPLICATE_METHOD_MATCH = YES;
				COPY_PHASE_STRIP = NO;
				DEBUG_INFORMATION_FORMAT = "dwarf-with-dsym";
				ENABLE_NS_ASSERTIONS = NO;
				ENABLE_STRICT_OBJC_MSGSEND = YES;
				GCC_C_LANGUAGE_STANDARD = gnu11;
				GCC_NO_COMMON_BLOCKS = YES;
				GCC_WARN_64_TO_32_BIT_CONVERSION = YES;
				GCC_WARN_ABOUT_RETURN_TYPE = YES_ERROR;
				GCC_WARN_UNDECLARED_SELECTOR = YES;
				GCC_WARN_UNINITIALIZED_AUTOS = YES_AGGRESSIVE;
				GCC_WARN_UNUSED_FUNCTION = YES;
				GCC_WARN_UNUSED_VARIABLE = YES;
				IPHONEOS_DEPLOYMENT_TARGET = 16.1;
				MTL_ENABLE_DEBUG_INFO = NO;
				MTL_FAST_MATH = YES;
				SDKROOT = iphoneos;
				SWIFT_COMPILATION_MODE = wholemodule;
				SWIFT_OPTIMIZATION_LEVEL = "-O";
				VALIDATE_PRODUCT = YES;
			};
			name = Release;
		};
		1EE1EA0F2981620600DBEEFC /* Debug */ = {
			isa = XCBuildConfiguration;
			buildSettings = {
				ASSETCATALOG_COMPILER_APPICON_NAME = AppIcon;
				ASSETCATALOG_COMPILER_GLOBAL_ACCENT_COLOR_NAME = AccentColor;
				CODE_SIGN_STYLE = Automatic;
				CURRENT_PROJECT_VERSION = 1;
				DEVELOPMENT_TEAM = NZXWXPDR2X;
				GENERATE_INFOPLIST_FILE = YES;
				INFOPLIST_FILE = "/Users/asx/Desktop/Rabstol/xcode/Project/Storyboard + Canvas + SwiftUI/Storyboard + Canvas + SwiftUI/Resources/Info.plist";
				INFOPLIST_KEY_UIApplicationSupportsIndirectInputEvents = YES;
				INFOPLIST_KEY_UILaunchStoryboardName = LaunchScreen;
				INFOPLIST_KEY_UIMainStoryboardFile = Main;
				INFOPLIST_KEY_UISupportedInterfaceOrientations_iPad = "UIInterfaceOrientationPortrait UIInterfaceOrientationPortraitUpsideDown UIInterfaceOrientationLandscapeLeft UIInterfaceOrientationLandscapeRight";
				INFOPLIST_KEY_UISupportedInterfaceOrientations_iPhone = "UIInterfaceOrientationPortrait UIInterfaceOrientationLandscapeLeft UIInterfaceOrientationLandscapeRight";
				IPHONEOS_DEPLOYMENT_TARGET = 14.0;
				LD_RUNPATH_SEARCH_PATHS = (
					"$(inherited)",
					"@executable_path/Frameworks",
				);
				MARKETING_VERSION = 1.0;
				PRODUCT_BUNDLE_IDENTIFIER = "asx.Storyboard---SwiftUI";
				PRODUCT_NAME = "$(TARGET_NAME)";
				SWIFT_EMIT_LOC_STRINGS = YES;
				SWIFT_VERSION = 5.0;
				TARGETED_DEVICE_FAMILY = "1,2";
			};
			name = Debug;
		};
		1EE1EA102981620600DBEEFC /* Release */ = {
			isa = XCBuildConfiguration;
			buildSettings = {
				ASSETCATALOG_COMPILER_APPICON_NAME = AppIcon;
				ASSETCATALOG_COMPILER_GLOBAL_ACCENT_COLOR_NAME = AccentColor;
				CODE_SIGN_STYLE = Automatic;
				CURRENT_PROJECT_VERSION = 1;
				DEVELOPMENT_TEAM = NZXWXPDR2X;
				GENERATE_INFOPLIST_FILE = YES;
				INFOPLIST_FILE = "/Users/asx/Desktop/Rabstol/xcode/Project/Storyboard + Canvas + SwiftUI/Storyboard + Canvas + SwiftUI/Resources/Info.plist";
				INFOPLIST_KEY_UIApplicationSupportsIndirectInputEvents = YES;
				INFOPLIST_KEY_UILaunchStoryboardName = LaunchScreen;
				INFOPLIST_KEY_UIMainStoryboardFile = Main;
				INFOPLIST_KEY_UISupportedInterfaceOrientations_iPad = "UIInterfaceOrientationPortrait UIInterfaceOrientationPortraitUpsideDown UIInterfaceOrientationLandscapeLeft UIInterfaceOrientationLandscapeRight";
				INFOPLIST_KEY_UISupportedInterfaceOrientations_iPhone = "UIInterfaceOrientationPortrait UIInterfaceOrientationLandscapeLeft UIInterfaceOrientationLandscapeRight";
				IPHONEOS_DEPLOYMENT_TARGET = 14.0;
				LD_RUNPATH_SEARCH_PATHS = (
					"$(inherited)",
					"@executable_path/Frameworks",
				);
				MARKETING_VERSION = 1.0;
				PRODUCT_BUNDLE_IDENTIFIER = "asx.Storyboard---SwiftUI";
				PRODUCT_NAME = "$(TARGET_NAME)";
				SWIFT_EMIT_LOC_STRINGS = YES;
				SWIFT_VERSION = 5.0;
				TARGETED_DEVICE_FAMILY = "1,2";
			};
			name = Release;
		};
/* End XCBuildConfiguration section */

/* Begin XCConfigurationList section */
		1EE1E9F52981620400DBEEFC /* Build configuration list for PBXProject "Storyboard + Canvas + SwiftUI" */ = {
			isa = XCConfigurationList;
			buildConfigurations = (
				1EE1EA0C2981620600DBEEFC /* Debug */,
				1EE1EA0D2981620600DBEEFC /* Release */,
			);
			defaultConfigurationIsVisible = 0;
			defaultConfigurationName = Release;
		};
		1EE1EA0E2981620600DBEEFC /* Build configuration list for PBXNativeTarget "Storyboard + Canvas + SwiftUI" */ = {
			isa = XCConfigurationList;
			buildConfigurations = (
				1EE1EA0F2981620600DBEEFC /* Debug */,
				1EE1EA102981620600DBEEFC /* Release */,
			);
			defaultConfigurationIsVisible = 0;
			defaultConfigurationName = Release;
		};
/* End XCConfigurationList section */
	};
	rootObject = 1EE1E9F22981620400DBEEFC /* Project object */;
}
